
Microsoft Visual Studio Solution File, Format Version 12.00
# Visual Studio Version 17
VisualStudioVersion = 17.4.33213.308
MinimumVisualStudioVersion = 10.0.40219.1
Project("{8BC9CEB8-8B4A-11D0-8D11-00A0C91BC942}") = "Week4-Sec3", "Week4-Sec3\Week4-Sec3.vcxproj", "{615E65AF-1180-4FAF-9AE0-D9541165E30F}"
EndProject
Project("{8BC9CEB8-8B4A-11D0-8D11-00A0C91BC942}") = "Protected", "Protected\Protected.vcxproj", "{6CF2002F-34AA-4531-BB02-B4E082AB0C80}"
EndProject
Project("{8BC9CEB8-8B4A-11D0-8D11-00A0C91BC942}") = "ConstructorCall", "ConstructorCall\ConstructorCall.vcxproj", "{BE607FE1-032B-40FB-9154-DA5609ADDAF7}"
EndProject
Project("{8BC9CEB8-8B4A-11D0-8D11-00A0C91BC942}") = "ThisPointer-P1", "Inheritance-Continued\Inheritance-Continued.vcxproj", "{B338A1FB-BB69-4C4F-B099-1636CF1A3022}"
EndProject
Project("{8BC9CEB8-8B4A-11D0-8D11-00A0C91BC942}") = "ThisPointer-P2", "ThisPointer\ThisPointer.vcxproj", "{3F859964-5398-4EB4-A4A3-DF949348B226}"
EndProject
Global
	GlobalSection(SolutionConfigurationPlatforms) = preSolution
		Debug|x64 = Debug|x64
		Debug|x86 = Debug|x86
		Release|x64 = Release|x64
		Release|x86 = Release|x86
	EndGlobalSection
	GlobalSection(ProjectConfigurationPlatforms) = postSolution
		{615E65AF-1180-4FAF-9AE0-D9541165E30F}.Debug|x64.ActiveCfg = Debug|x64
		{615E65AF-1180-4FAF-9AE0-D9541165E30F}.Debug|x64.Build.0 = Debug|x64
		{615E65AF-1180-4FAF-9AE0-D9541165E30F}.Debug|x86.ActiveCfg = Debug|Win32
		{615E65AF-1180-4FAF-9AE0-D9541165E30F}.Debug|x86.Build.0 = Debug|Win32
		{615E65AF-1180-4FAF-9AE0-D9541165E30F}.Release|x64.ActiveCfg = Release|x64
		{615E65AF-1180-4FAF-9AE0-D9541165E30F}.Release|x64.Build.0 = Release|x64
		{615E65AF-1180-4FAF-9AE0-D9541165E30F}.Release|x86.ActiveCfg = Release|Win32
		{615E65AF-1180-4FAF-9AE0-D9541165E30F}.Release|x86.Build.0 = Release|Win32
		{6CF2002F-34AA-4531-BB02-B4E082AB0C80}.Debug|x64.ActiveCfg = Debug|x64
		{6CF2002F-34AA-4531-BB02-B4E082AB0C80}.Debug|x64.Build.0 = Debug|x64
		{6CF2002F-34AA-4531-BB02-B4E082AB0C80}.Debug|x86.ActiveCfg = Debug|Win32
		{6CF2002F-34AA-4531-BB02-B4E082AB0C80}.Debug|x86.Build.0 = Debug|Win32
		{6CF2002F-34AA-4531-BB02-B4E082AB0C80}.Release|x64.ActiveCfg = Release|x64
		{6CF2002F-34AA-4531-BB02-B4E082AB0C80}.Release|x64.Build.0 = Release|x64
		{6CF2002F-34AA-4531-BB02-B4E082AB0C80}.Release|x86.ActiveCfg = Release|Win32
		{6CF2002F-34AA-4531-BB02-B4E082AB0C80}.Release|x86.Build.0 = Release|Win32
		{BE607FE1-032B-40FB-9154-DA5609ADDAF7}.Debug|x64.ActiveCfg = Debug|x64
		{BE607FE1-032B-40FB-9154-DA5609ADDAF7}.Debug|x64.Build.0 = Debug|x64
		{BE607FE1-032B-40FB-9154-DA5609ADDAF7}.Debug|x86.ActiveCfg = Debug|Win32
		{BE607FE1-032B-40FB-9154-DA5609ADDAF7}.Debug|x86.Build.0 = Debug|Win32
		{BE607FE1-032B-40FB-9154-DA5609ADDAF7}.Release|x64.ActiveCfg = Release|x64
		{BE607FE1-032B-40FB-9154-DA5609ADDAF7}.Release|x64.Build.0 = Release|x64
		{BE607FE1-032B-40FB-9154-DA5609ADDAF7}.Release|x86.ActiveCfg = Release|Win32
		{BE607FE1-032B-40FB-9154-DA5609ADDAF7}.Release|x86.Build.0 = Release|Win32
		{B338A1FB-BB69-4C4F-B099-1636CF1A3022}.Debug|x64.ActiveCfg = Debug|x64
		{B338A1FB-BB69-4C4F-B099-1636CF1A3022}.Debug|x64.Build.0 = Debug|x64
		{B338A1FB-BB69-4C4F-B099-1636CF1A3022}.Debug|x86.ActiveCfg = Debug|Win32
		{B338A1FB-BB69-4C4F-B099-1636CF1A3022}.Debug|x86.Build.0 = Debug|Win32
		{B338A1FB-BB69-4C4F-B099-1636CF1A3022}.Release|x64.ActiveCfg = Release|x64
		{B338A1FB-BB69-4C4F-B099-1636CF1A3022}.Release|x64.Build.0 = Release|x64
		{B338A1FB-BB69-4C4F-B099-1636CF1A3022}.Release|x86.ActiveCfg = Release|Win32
		{B338A1FB-BB69-4C4F-B099-1636CF1A3022}.Release|x86.Build.0 = Release|Win32
		{3F859964-5398-4EB4-A4A3-DF949348B226}.Debug|x64.ActiveCfg = Debug|x64
		{3F859964-5398-4EB4-A4A3-DF949348B226}.Debug|x64.Build.0 = Debug|x64
		{3F859964-5398-4EB4-A4A3-DF949348B226}.Debug|x86.ActiveCfg = Debug|Win32
		{3F859964-5398-4EB4-A4A3-DF949348B226}.Debug|x86.Build.0 = Debug|Win32
		{3F859964-5398-4EB4-A4A3-DF949348B226}.Release|x64.ActiveCfg = Release|x64
		{3F859964-5398-4EB4-A4A3-DF949348B226}.Release|x64.Build.0 = Release|x64
		{3F859964-5398-4EB4-A4A3-DF949348B226}.Release|x86.ActiveCfg = Release|Win32
		{3F859964-5398-4EB4-A4A3-DF949348B226}.Release|x86.Build.0 = Release|Win32
	EndGlobalSection
	GlobalSection(SolutionProperties) = preSolution
		HideSolutionNode = FALSE
	EndGlobalSection
	GlobalSection(ExtensibilityGlobals) = postSolution
		SolutionGuid = {192A0797-8EC0-4FF0-87D6-0B7594A31154}
	EndGlobalSection
EndGlobal
